uuid: 6e158f91-d3c7-4874-8315-943066184ba1
langcode: en
status: true
dependencies:
  config:
    - block_content.type.basic
    - field.storage.paragraph.field_block
    - paragraphs.paragraphs_type.block
id: paragraph.block.field_block
field_name: field_block
entity_type: paragraph
bundle: block
label: 'Custom Blocks Created by Editors'
description: ''
required: false
translatable: false
default_value: {  }
default_value_callback: ''
settings:
  handler: 'default:block_content'
  handler_settings:
    target_bundles:
      basic: basic
    sort:
      field: _none
    auto_create: false
    auto_create_bundle: ''
field_type: entity_reference
