uuid: ccb8883d-b33f-4d93-9ee2-361314b97fc4
langcode: en
status: true
dependencies:
  config:
    - block_content.type.basic
    - block_content.type.gallery
    - block_content.type.promoted_carousel
    - block_content.type.related_content
    - field.storage.paragraph.field_block
    - paragraphs.paragraphs_type.block
id: paragraph.block.field_block
field_name: field_block
entity_type: paragraph
bundle: block
label: Block
description: ''
required: false
translatable: false
default_value: {  }
default_value_callback: ''
settings:
  handler: 'default:block_content'
  handler_settings:
    target_bundles:
      basic: basic
      gallery: gallery
      promoted_carousel: promoted_carousel
      related_content: related_content
    sort:
      field: _none
    auto_create: false
    auto_create_bundle: basic
field_type: entity_reference
