uuid: bc9f8fab-63c5-44dd-97a2-ed81ab3c388a
langcode: en
status: true
dependencies:
  module:
    - instagram_block
  theme:
    - ucsf
id: instagramblock
theme: ucsf
region: hidden
weight: -5
provider: null
plugin: instagram_block_block
settings:
  id: instagram_block_block
  label: 'Instagram block'
  provider: instagram_block
  label_display: '0'
  access_token: 255726775.7aacca6.6c06ff26daf04cb9a4699d9c5bca8ec3
  count: 9
  width: 200
  height: 200
  img_resolution: low_resolution
  cache_time_minutes: 5
visibility: {  }
